<?xml version="1.0" encoding="utf-8"?>
<Project ToolsVersion="4.0" xmlns="http://schemas.microsoft.com/developer/msbuild/2003">
  <ItemGroup>
    <Filter Include="Исходные файлы">
      <UniqueIdentifier>{4FC737F1-C7A5-4376-A066-2A32D752A2FF}</UniqueIdentifier>
      <Extensions>cpp;c;cc;cxx;c++;cppm;ixx;def;odl;idl;hpj;bat;asm;asmx</Extensions>
    </Filter>
    <Filter Include="Файлы заголовков">
      <UniqueIdentifier>{93995380-89BD-4b04-88EB-625FBE52EBFB}</UniqueIdentifier>
      <Extensions>h;hh;hpp;hxx;h++;hm;inl;inc;ipp;xsd</Extensions>
    </Filter>
    <Filter Include="Файлы ресурсов">
      <UniqueIdentifier>{67DA6AB6-F800-4c08-8B7A-83BB121AAD01}</UniqueIdentifier>
      <Extensions>rc;ico;cur;bmp;dlg;rc2;rct;bin;rgs;gif;jpg;jpeg;jpe;resx;tiff;tif;png;wav;mfcribbon-ms</Extensions>
    </Filter>
  </ItemGroup>
  <ItemGroup>
    <ClCompile Include="11b.c">
      <Filter>Исходные файлы</Filter>
    </ClCompile>
    <ClCompile Include="58b.c">
      <Filter>Исходные файлы</Filter>
    </ClCompile>
    <ClCompile Include="72a.c">
      <Filter>Исходные файлы</Filter>
    </ClCompile>
    <ClCompile Include="88v.c">
      <Filter>Исходные файлы</Filter>
    </ClCompile>
    <ClCompile Include="186.c">
      <Filter>Исходные файлы</Filter>
    </ClCompile>
    <ClCompile Include="339d.c">
      <Filter>Исходные файлы</Filter>
    </ClCompile>
    <ClCompile Include="269b.c">
      <Filter>Исходные файлы</Filter>
    </ClCompile>
    <ClCompile Include="374b.c">
      <Filter>Исходные файлы</Filter>
    </ClCompile>
    <ClCompile Include="701a.c">
      <Filter>Исходные файлы</Filter>
    </ClCompile>
    <ClCompile Include="457.c">
      <Filter>Исходные файлы</Filter>
    </ClCompile>
    <ClCompile Include="692b.c">
      <Filter>Исходные файлы</Filter>
    </ClCompile>
    <ClCompile Include="498b.c">
      <Filter>Исходные файлы</Filter>
    </ClCompile>
    <ClCompile Include="844b.c">
      <Filter>Исходные файлы</Filter>
    </ClCompile>
    <ClCompile Include="136b.c">
      <Filter>Исходные файлы</Filter>
    </ClCompile>
    <ClCompile Include="551b.c">
      <Filter>Исходные файлы</Filter>
    </ClCompile>
    <ClCompile Include="Driver.c">
      <Filter>Исходные файлы</Filter>
    </ClCompile>
    <ClCompile Include="Matrix.c">
      <Filter>Исходные файлы</Filter>
    </ClCompile>
    <ClCompile Include="481.c">
      <Filter>Исходные файлы</Filter>
    </ClCompile>
  </ItemGroup>
  <ItemGroup>
    <ClInclude Include="58b.h">
      <Filter>Файлы заголовков</Filter>
    </ClInclude>
    <ClInclude Include="11b.h">
      <Filter>Файлы заголовков</Filter>
    </ClInclude>
    <ClInclude Include="72a.h">
      <Filter>Файлы заголовков</Filter>
    </ClInclude>
    <ClInclude Include="88v.h">
      <Filter>Файлы заголовков</Filter>
    </ClInclude>
    <ClInclude Include="339d.h">
      <Filter>Файлы заголовков</Filter>
    </ClInclude>
    <ClInclude Include="186.h">
      <Filter>Файлы заголовков</Filter>
    </ClInclude>
    <ClInclude Include="692b.h">
      <Filter>Файлы заголовков</Filter>
    </ClInclude>
    <ClInclude Include="457.h">
      <Filter>Файлы заголовков</Filter>
    </ClInclude>
    <ClInclude Include="269b.h">
      <Filter>Файлы заголовков</Filter>
    </ClInclude>
    <ClInclude Include="Matrix.h">
      <Filter>Файлы заголовков</Filter>
    </ClInclude>
    <ClInclude Include="701a.h">
      <Filter>Файлы заголовков</Filter>
    </ClInclude>
    <ClInclude Include="481.h">
      <Filter>Файлы заголовков</Filter>
    </ClInclude>
    <ClInclude Include="498b.h">
      <Filter>Файлы заголовков</Filter>
    </ClInclude>
    <ClInclude Include="136b.h">
      <Filter>Файлы заголовков</Filter>
    </ClInclude>
  </ItemGroup>
</Project>